schema: '2.0'
stages:
  data_collection:
    cmd: python src/data/make_dataset.py
    deps:
    - path: src/data/make_dataset.py
      hash: md5
      md5: 5d482dd09b743b46c8cd07806e3d357b
      size: 462
    outs:
    - path: data/raw
      hash: md5
      md5: f38b42495cbbd7e74fcb4553f17f45c4.dir
      size: 73120
      nfiles: 2
  data_preprocessing:
    cmd: python src/features/build_features.py
    deps:
    - path: data/raw
      hash: md5
      md5: f38b42495cbbd7e74fcb4553f17f45c4.dir
      size: 73120
      nfiles: 2
    - path: src/features/build_features.py
      hash: md5
      md5: 1ae0c8dff31410873cde27f61f799b95
      size: 923
    outs:
    - path: data/processed
      hash: md5
      md5: 9a87474d06b8b6187640ef36416525cb.dir
      size: 49670
      nfiles: 2
  model_training:
    cmd: python src/models/train_model.py
    deps:
    - path: data/processed
      hash: md5
      md5: 9a87474d06b8b6187640ef36416525cb.dir
      size: 49670
      nfiles: 2
    - path: src/models/train_model.py
      hash: md5
      md5: e4e6a79e2c9456c2679b1510d4cb03eb
      size: 783
    params:
      params.yaml:
        rfr.max_depth: 5
        rfr.n_estimators: 100
    outs:
    - path: results/model.pkl
      hash: md5
      md5: c1c27b6a5d039be122d8c6a9cdb01588
      size: 420690
